
Microsoft Visual Studio Solution File, Format Version 12.00
# Visual Studio Version 17
VisualStudioVersion = 17.5.33424.131
MinimumVisualStudioVersion = 10.0.40219.1
Project("{9A19103F-16F7-4668-BE54-9A1E7A4F7556}") = "CRUD C#", "CRUD C#.csproj", "{E75CEA46-76DB-471F-ADEB-974755617D2C}"
EndProject
Global
	GlobalSection(SolutionConfigurationPlatforms) = preSolution
		Debug|Any CPU = Debug|Any CPU
		Release|Any CPU = Release|Any CPU
	EndGlobalSection
	GlobalSection(ProjectConfigurationPlatforms) = postSolution
		{E75CEA46-76DB-471F-ADEB-974755617D2C}.Debug|Any CPU.ActiveCfg = Debug|Any CPU
		{E75CEA46-76DB-471F-ADEB-974755617D2C}.Debug|Any CPU.Build.0 = Debug|Any CPU
		{E75CEA46-76DB-471F-ADEB-974755617D2C}.Release|Any CPU.ActiveCfg = Release|Any CPU
		{E75CEA46-76DB-471F-ADEB-974755617D2C}.Release|Any CPU.Build.0 = Release|Any CPU
	EndGlobalSection
	GlobalSection(SolutionProperties) = preSolution
		HideSolutionNode = FALSE
	EndGlobalSection
	GlobalSection(ExtensibilityGlobals) = postSolution
		SolutionGuid = {7F196858-ED44-4DB9-A136-5AC9513D29B7}
	EndGlobalSection
EndGlobal
